// !$*UTF8*$!
{
	archiveVersion = 1;
	classes = {
	};
	objectVersion = 46;
	objects = {

/* Begin PBXBuildFile section */
		1B24EE851BDF84670090E311 /* AppDelegate.swift in Sources */ = {isa = PBXBuildFile; fileRef = 1B24EE841BDF84670090E311 /* AppDelegate.swift */; };
		1B24EE871BDF84670090E311 /* ViewController.swift in Sources */ = {isa = PBXBuildFile; fileRef = 1B24EE861BDF84670090E311 /* ViewController.swift */; };
		1B24EE8A1BDF84670090E311 /* Main.storyboard in Resources */ = {isa = PBXBuildFile; fileRef = 1B24EE881BDF84670090E311 /* Main.storyboard */; };
		1B24EE8C1BDF84670090E311 /* Assets.xcassets in Resources */ = {isa = PBXBuildFile; fileRef = 1B24EE8B1BDF84670090E311 /* Assets.xcassets */; };
		1B24EE8F1BDF84670090E311 /* LaunchScreen.storyboard in Resources */ = {isa = PBXBuildFile; fileRef = 1B24EE8D1BDF84670090E311 /* LaunchScreen.storyboard */; };
		1B24EE9A1BDF84670090E311 /* BlogExamplesInswiftTests.swift in Sources */ = {isa = PBXBuildFile; fileRef = 1B24EE991BDF84670090E311 /* BlogExamplesInswiftTests.swift */; };
		1B24EEA51BDF84670090E311 /* BlogExamplesInswiftUITests.swift in Sources */ = {isa = PBXBuildFile; fileRef = 1B24EEA41BDF84670090E311 /* BlogExamplesInswiftUITests.swift */; };
		1B24EEB31BDF848E0090E311 /* TelerikUI.framework in Frameworks */ = {isa = PBXBuildFile; fileRef = 1B24EEB21BDF848E0090E311 /* TelerikUI.framework */; };
		1B24EEB61BDF86770090E311 /* fdfd.m in Sources */ = {isa = PBXBuildFile; fileRef = 1B24EEB51BDF86770090E311 /* fdfd.m */; settings = {ASSET_TAGS = (); }; };
		1B8D80B61BECA3AF007F2BBC /* time1.jpg in Resources */ = {isa = PBXBuildFile; fileRef = 1B8D80B51BECA3AF007F2BBC /* time1.jpg */; settings = {ASSET_TAGS = (); }; };
/* End PBXBuildFile section */

/* Begin PBXContainerItemProxy section */
		1B24EE961BDF84670090E311 /* PBXContainerItemProxy */ = {
			isa = PBXContainerItemProxy;
			containerPortal = 1B24EE791BDF84670090E311 /* Project object */;
			proxyType = 1;
			remoteGlobalIDString = 1B24EE801BDF84670090E311;
			remoteInfo = BlogExamplesInswift;
		};
		1B24EEA11BDF84670090E311 /* PBXContainerItemProxy */ = {
			isa = PBXContainerItemProxy;
			containerPortal = 1B24EE791BDF84670090E311 /* Project object */;
			proxyType = 1;
			remoteGlobalIDString = 1B24EE801BDF84670090E311;
			remoteInfo = BlogExamplesInswift;
		};
/* End PBXContainerItemProxy section */

/* Begin PBXFileReference section */
		1B24EE811BDF84670090E311 /* BlogExamplesInswift.app */ = {isa = PBXFileReference; explicitFileType = wrapper.application; includeInIndex = 0; path = BlogExamplesInswift.app; sourceTree = BUILT_PRODUCTS_DIR; };
		1B24EE841BDF84670090E311 /* AppDelegate.swift */ = {isa = PBXFileReference; lastKnownFileType = sourcecode.swift; path = AppDelegate.swift; sourceTree = "<group>"; };
		1B24EE861BDF84670090E311 /* ViewController.swift */ = {isa = PBXFileReference; lastKnownFileType = sourcecode.swift; path = ViewController.swift; sourceTree = "<group>"; };
		1B24EE891BDF84670090E311 /* Base */ = {isa = PBXFileReference; lastKnownFileType = file.storyboard; name = Base; path = Base.lproj/Main.storyboard; sourceTree = "<group>"; };
		1B24EE8B1BDF84670090E311 /* Assets.xcassets */ = {isa = PBXFileReference; lastKnownFileType = folder.assetcatalog; path = Assets.xcassets; sourceTree = "<group>"; };
		1B24EE8E1BDF84670090E311 /* Base */ = {isa = PBXFileReference; lastKnownFileType = file.storyboard; name = Base; path = Base.lproj/LaunchScreen.storyboard; sourceTree = "<group>"; };
		1B24EE901BDF84670090E311 /* Info.plist */ = {isa = PBXFileReference; lastKnownFileType = text.plist.xml; path = Info.plist; sourceTree = "<group>"; };
		1B24EE951BDF84670090E311 /* BlogExamplesInswiftTests.xctest */ = {isa = PBXFileReference; explicitFileType = wrapper.cfbundle; includeInIndex = 0; path = BlogExamplesInswiftTests.xctest; sourceTree = BUILT_PRODUCTS_DIR; };
		1B24EE991BDF84670090E311 /* BlogExamplesInswiftTests.swift */ = {isa = PBXFileReference; lastKnownFileType = sourcecode.swift; path = BlogExamplesInswiftTests.swift; sourceTree = "<group>"; };
		1B24EE9B1BDF84670090E311 /* Info.plist */ = {isa = PBXFileReference; lastKnownFileType = text.plist.xml; path = Info.plist; sourceTree = "<group>"; };
		1B24EEA01BDF84670090E311 /* BlogExamplesInswiftUITests.xctest */ = {isa = PBXFileReference; explicitFileType = wrapper.cfbundle; includeInIndex = 0; path = BlogExamplesInswiftUITests.xctest; sourceTree = BUILT_PRODUCTS_DIR; };
		1B24EEA41BDF84670090E311 /* BlogExamplesInswiftUITests.swift */ = {isa = PBXFileReference; lastKnownFileType = sourcecode.swift; path = BlogExamplesInswiftUITests.swift; sourceTree = "<group>"; };
		1B24EEA61BDF84670090E311 /* Info.plist */ = {isa = PBXFileReference; lastKnownFileType = text.plist.xml; path = Info.plist; sourceTree = "<group>"; };
		1B24EEB21BDF848E0090E311 /* TelerikUI.framework */ = {isa = PBXFileReference; lastKnownFileType = wrapper.framework; name = TelerikUI.framework; path = "../../Documents/Telerik/UI for iOS Q3 2015/TelerikUI.framework"; sourceTree = "<group>"; };
		1B24EEB41BDF86760090E311 /* BlogExamplesInswift-Bridging-Header.h */ = {isa = PBXFileReference; lastKnownFileType = sourcecode.c.h; path = "BlogExamplesInswift-Bridging-Header.h"; sourceTree = "<group>"; };
		1B24EEB51BDF86770090E311 /* fdfd.m */ = {isa = PBXFileReference; fileEncoding = 4; lastKnownFileType = sourcecode.c.objc; path = fdfd.m; sourceTree = "<group>"; };
		1B8D80B51BECA3AF007F2BBC /* time1.jpg */ = {isa = PBXFileReference; lastKnownFileType = image.jpeg; path = time1.jpg; sourceTree = "<group>"; };
/* End PBXFileReference section */

/* Begin PBXFrameworksBuildPhase section */
		1B24EE7E1BDF84670090E311 /* Frameworks */ = {
			isa = PBXFrameworksBuildPhase;
			buildActionMask = 2147483647;
			files = (
				1B24EEB31BDF848E0090E311 /* TelerikUI.framework in Frameworks */,
			);
			runOnlyForDeploymentPostprocessing = 0;
		};
		1B24EE921BDF84670090E311 /* Frameworks */ = {
			isa = PBXFrameworksBuildPhase;
			buildActionMask = 2147483647;
			files = (
			);
			runOnlyForDeploymentPostprocessing = 0;
		};
		1B24EE9D1BDF84670090E311 /* Frameworks */ = {
			isa = PBXFrameworksBuildPhase;
			buildActionMask = 2147483647;
			files = (
			);
			runOnlyForDeploymentPostprocessing = 0;
		};
/* End PBXFrameworksBuildPhase section */

/* Begin PBXGroup section */
		1B24EE781BDF84670090E311 = {
			isa = PBXGroup;
			children = (
				1B24EEB51BDF86770090E311 /* fdfd.m */,
				1B24EEB21BDF848E0090E311 /* TelerikUI.framework */,
				1B24EE831BDF84670090E311 /* BlogExamplesInswift */,
				1B24EE981BDF84670090E311 /* BlogExamplesInswiftTests */,
				1B24EEA31BDF84670090E311 /* BlogExamplesInswiftUITests */,
				1B24EE821BDF84670090E311 /* Products */,
				1B24EEB41BDF86760090E311 /* BlogExamplesInswift-Bridging-Header.h */,
			);
			sourceTree = "<group>";
		};
		1B24EE821BDF84670090E311 /* Products */ = {
			isa = PBXGroup;
			children = (
				1B24EE811BDF84670090E311 /* BlogExamplesInswift.app */,
				1B24EE951BDF84670090E311 /* BlogExamplesInswiftTests.xctest */,
				1B24EEA01BDF84670090E311 /* BlogExamplesInswiftUITests.xctest */,
			);
			name = Products;
			sourceTree = "<group>";
		};
		1B24EE831BDF84670090E311 /* BlogExamplesInswift */ = {
			isa = PBXGroup;
			children = (
				1B24EE841BDF84670090E311 /* AppDelegate.swift */,
				1B24EE861BDF84670090E311 /* ViewController.swift */,
				1B8D80B51BECA3AF007F2BBC /* time1.jpg */,
				1B24EE881BDF84670090E311 /* Main.storyboard */,
				1B24EE8B1BDF84670090E311 /* Assets.xcassets */,
				1B24EE8D1BDF84670090E311 /* LaunchScreen.storyboard */,
				1B24EE901BDF84670090E311 /* Info.plist */,
			);
			path = BlogExamplesInswift;
			sourceTree = "<group>";
		};
		1B24EE981BDF84670090E311 /* BlogExamplesInswiftTests */ = {
			isa = PBXGroup;
			children = (
				1B24EE991BDF84670090E311 /* BlogExamplesInswiftTests.swift */,
				1B24EE9B1BDF84670090E311 /* Info.plist */,
			);
			path = BlogExamplesInswiftTests;
			sourceTree = "<group>";
		};
		1B24EEA31BDF84670090E311 /* BlogExamplesInswiftUITests */ = {
			isa = PBXGroup;
			children = (
				1B24EEA41BDF84670090E311 /* BlogExamplesInswiftUITests.swift */,
				1B24EEA61BDF84670090E311 /* Info.plist */,
			);
			path = BlogExamplesInswiftUITests;
			sourceTree = "<group>";
		};
/* End PBXGroup section */

/* Begin PBXNativeTarget section */
		1B24EE801BDF84670090E311 /* BlogExamplesInswift */ = {
			isa = PBXNativeTarget;
			buildConfigurationList = 1B24EEA91BDF84670090E311 /* Build configuration list for PBXNativeTarget "BlogExamplesInswift" */;
			buildPhases = (
				1B24EE7D1BDF84670090E311 /* Sources */,
				1B24EE7E1BDF84670090E311 /* Frameworks */,
				1B24EE7F1BDF84670090E311 /* Resources */,
			);
			buildRules = (
			);
			dependencies = (
			);
			name = BlogExamplesInswift;
			productName = BlogExamplesInswift;
			productReference = 1B24EE811BDF84670090E311 /* BlogExamplesInswift.app */;
			productType = "com.apple.product-type.application";
		};
		1B24EE941BDF84670090E311 /* BlogExamplesInswiftTests */ = {
			isa = PBXNativeTarget;
			buildConfigurationList = 1B24EEAC1BDF84670090E311 /* Build configuration list for PBXNativeTarget "BlogExamplesInswiftTests" */;
			buildPhases = (
				1B24EE911BDF84670090E311 /* Sources */,
				1B24EE921BDF84670090E311 /* Frameworks */,
				1B24EE931BDF84670090E311 /* Resources */,
			);
			buildRules = (
			);
			dependencies = (
				1B24EE971BDF84670090E311 /* PBXTargetDependency */,
			);
			name = BlogExamplesInswiftTests;
			productName = BlogExamplesInswiftTests;
			productReference = 1B24EE951BDF84670090E311 /* BlogExamplesInswiftTests.xctest */;
			productType = "com.apple.product-type.bundle.unit-test";
		};
		1B24EE9F1BDF84670090E311 /* BlogExamplesInswiftUITests */ = {
			isa = PBXNativeTarget;
			buildConfigurationList = 1B24EEAF1BDF84670090E311 /* Build configuration list for PBXNativeTarget "BlogExamplesInswiftUITests" */;
			buildPhases = (
				1B24EE9C1BDF84670090E311 /* Sources */,
				1B24EE9D1BDF84670090E311 /* Frameworks */,
				1B24EE9E1BDF84670090E311 /* Resources */,
			);
			buildRules = (
			);
			dependencies = (
				1B24EEA21BDF84670090E311 /* PBXTargetDependency */,
			);
			name = BlogExamplesInswiftUITests;
			productName = BlogExamplesInswiftUITests;
			productReference = 1B24EEA01BDF84670090E311 /* BlogExamplesInswiftUITests.xctest */;
			productType = "com.apple.product-type.bundle.ui-testing";
		};
/* End PBXNativeTarget section */

/* Begin PBXProject section */
		1B24EE791BDF84670090E311 /* Project object */ = {
			isa = PBXProject;
			attributes = {
				LastSwiftUpdateCheck = 0700;
				LastUpgradeCheck = 0700;
				ORGANIZATIONNAME = "Yoanna Mareva";
				TargetAttributes = {
					1B24EE801BDF84670090E311 = {
						CreatedOnToolsVersion = 7.0;
					};
					1B24EE941BDF84670090E311 = {
						CreatedOnToolsVersion = 7.0;
						TestTargetID = 1B24EE801BDF84670090E311;
					};
					1B24EE9F1BDF84670090E311 = {
						CreatedOnToolsVersion = 7.0;
						TestTargetID = 1B24EE801BDF84670090E311;
					};
				};
			};
			buildConfigurationList = 1B24EE7C1BDF84670090E311 /* Build configuration list for PBXProject "BlogExamplesInswift" */;
			compatibilityVersion = "Xcode 3.2";
			developmentRegion = English;
			hasScannedForEncodings = 0;
			knownRegions = (
				en,
				Base,
			);
			mainGroup = 1B24EE781BDF84670090E311;
			productRefGroup = 1B24EE821BDF84670090E311 /* Products */;
			projectDirPath = "";
			projectRoot = "";
			targets = (
				1B24EE801BDF84670090E311 /* BlogExamplesInswift */,
				1B24EE941BDF84670090E311 /* BlogExamplesInswiftTests */,
				1B24EE9F1BDF84670090E311 /* BlogExamplesInswiftUITests */,
			);
		};
/* End PBXProject section */

/* Begin PBXResourcesBuildPhase section */
		1B24EE7F1BDF84670090E311 /* Resources */ = {
			isa = PBXResourcesBuildPhase;
			buildActionMask = 2147483647;
			files = (
				1B8D80B61BECA3AF007F2BBC /* time1.jpg in Resources */,
				1B24EE8F1BDF84670090E311 /* LaunchScreen.storyboard in Resources */,
				1B24EE8C1BDF84670090E311 /* Assets.xcassets in Resources */,
				1B24EE8A1BDF84670090E311 /* Main.storyboard in Resources */,
			);
			runOnlyForDeploymentPostprocessing = 0;
		};
		1B24EE931BDF84670090E311 /* Resources */ = {
			isa = PBXResourcesBuildPhase;
			buildActionMask = 2147483647;
			files = (
			);
			runOnlyForDeploymentPostprocessing = 0;
		};
		1B24EE9E1BDF84670090E311 /* Resources */ = {
			isa = PBXResourcesBuildPhase;
			buildActionMask = 2147483647;
			files = (
			);
			runOnlyForDeploymentPostprocessing = 0;
		};
/* End PBXResourcesBuildPhase section */

/* Begin PBXSourcesBuildPhase section */
		1B24EE7D1BDF84670090E311 /* Sources */ = {
			isa = PBXSourcesBuildPhase;
			buildActionMask = 2147483647;
			files = (
				1B24EE871BDF84670090E311 /* ViewController.swift in Sources */,
				1B24EEB61BDF86770090E311 /* fdfd.m in Sources */,
				1B24EE851BDF84670090E311 /* AppDelegate.swift in Sources */,
			);
			runOnlyForDeploymentPostprocessing = 0;
		};
		1B24EE911BDF84670090E311 /* Sources */ = {
			isa = PBXSourcesBuildPhase;
			buildActionMask = 2147483647;
			files = (
				1B24EE9A1BDF84670090E311 /* BlogExamplesInswiftTests.swift in Sources */,
			);
			runOnlyForDeploymentPostprocessing = 0;
		};
		1B24EE9C1BDF84670090E311 /* Sources */ = {
			isa = PBXSourcesBuildPhase;
			buildActionMask = 2147483647;
			files = (
				1B24EEA51BDF84670090E311 /* BlogExamplesInswiftUITests.swift in Sources */,
			);
			runOnlyForDeploymentPostprocessing = 0;
		};
/* End PBXSourcesBuildPhase section */

/* Begin PBXTargetDependency section */
		1B24EE971BDF84670090E311 /* PBXTargetDependency */ = {
			isa = PBXTargetDependency;
			target = 1B24EE801BDF84670090E311 /* BlogExamplesInswift */;
			targetProxy = 1B24EE961BDF84670090E311 /* PBXContainerItemProxy */;
		};
		1B24EEA21BDF84670090E311 /* PBXTargetDependency */ = {
			isa = PBXTargetDependency;
			target = 1B24EE801BDF84670090E311 /* BlogExamplesInswift */;
			targetProxy = 1B24EEA11BDF84670090E311 /* PBXContainerItemProxy */;
		};
/* End PBXTargetDependency section */

/* Begin PBXVariantGroup section */
		1B24EE881BDF84670090E311 /* Main.storyboard */ = {
			isa = PBXVariantGroup;
			children = (
				1B24EE891BDF84670090E311 /* Base */,
			);
			name = Main.storyboard;
			sourceTree = "<group>";
		};
		1B24EE8D1BDF84670090E311 /* LaunchScreen.storyboard */ = {
			isa = PBXVariantGroup;
			children = (
				1B24EE8E1BDF84670090E311 /* Base */,
			);
			name = LaunchScreen.storyboard;
			sourceTree = "<group>";
		};
/* End PBXVariantGroup section */

/* Begin XCBuildConfiguration section */
		1B24EEA71BDF84670090E311 /* Debug */ = {
			isa = XCBuildConfiguration;
			buildSettings = {
				ALWAYS_SEARCH_USER_PATHS = NO;
				CLANG_CXX_LANGUAGE_STANDARD = "gnu++0x";
				CLANG_CXX_LIBRARY = "libc++";
				CLANG_ENABLE_MODULES = YES;
				CLANG_ENABLE_OBJC_ARC = YES;
				CLANG_WARN_BOOL_CONVERSION = YES;
				CLANG_WARN_CONSTANT_CONVERSION = YES;
				CLANG_WARN_DIRECT_OBJC_ISA_USAGE = YES_ERROR;
				CLANG_WARN_EMPTY_BODY = YES;
				CLANG_WARN_ENUM_CONVERSION = YES;
				CLANG_WARN_INT_CONVERSION = YES;
				CLANG_WARN_OBJC_ROOT_CLASS = YES_ERROR;
				CLANG_WARN_UNREACHABLE_CODE = YES;
				CLANG_WARN__DUPLICATE_METHOD_MATCH = YES;
				"CODE_SIGN_IDENTITY[sdk=iphoneos*]" = "iPhone Developer";
				COPY_PHASE_STRIP = NO;
				DEBUG_INFORMATION_FORMAT = dwarf;
				ENABLE_STRICT_OBJC_MSGSEND = YES;
				ENABLE_TESTABILITY = YES;
				GCC_C_LANGUAGE_STANDARD = gnu99;
				GCC_DYNAMIC_NO_PIC = NO;
				GCC_NO_COMMON_BLOCKS = YES;
				GCC_OPTIMIZATION_LEVEL = 0;
				GCC_PREPROCESSOR_DEFINITIONS = (
					"DEBUG=1",
					"$(inherited)",
				);
				GCC_WARN_64_TO_32_BIT_CONVERSION = YES;
				GCC_WARN_ABOUT_RETURN_TYPE = YES_ERROR;
				GCC_WARN_UNDECLARED_SELECTOR = YES;
				GCC_WARN_UNINITIALIZED_AUTOS = YES_AGGRESSIVE;
				GCC_WARN_UNUSED_FUNCTION = YES;
				GCC_WARN_UNUSED_VARIABLE = YES;
				IPHONEOS_DEPLOYMENT_TARGET = 9.0;
				MTL_ENABLE_DEBUG_INFO = YES;
				ONLY_ACTIVE_ARCH = YES;
				SDKROOT = iphoneos;
				SWIFT_OPTIMIZATION_LEVEL = "-Onone";
				TARGETED_DEVICE_FAMILY = "1,2";
			};
			name = Debug;
		};
		1B24EEA81BDF84670090E311 /* Release */ = {
			isa = XCBuildConfiguration;
			buildSettings = {
				ALWAYS_SEARCH_USER_PATHS = NO;
				CLANG_CXX_LANGUAGE_STANDARD = "gnu++0x";
				CLANG_CXX_LIBRARY = "libc++";
				CLANG_ENABLE_MODULES = YES;
				CLANG_ENABLE_OBJC_ARC = YES;
				CLANG_WARN_BOOL_CONVERSION = YES;
				CLANG_WARN_CONSTANT_CONVERSION = YES;
				CLANG_WARN_DIRECT_OBJC_ISA_USAGE = YES_ERROR;
				CLANG_WARN_EMPTY_BODY = YES;
				CLANG_WARN_ENUM_CONVERSION = YES;
				CLANG_WARN_INT_CONVERSION = YES;
				CLANG_WARN_OBJC_ROOT_CLASS = YES_ERROR;
				CLANG_WARN_UNREACHABLE_CODE = YES;
				CLANG_WARN__DUPLICATE_METHOD_MATCH = YES;
				"CODE_SIGN_IDENTITY[sdk=iphoneos*]" = "iPhone Developer";
				COPY_PHASE_STRIP = NO;
				DEBUG_INFORMATION_FORMAT = "dwarf-with-dsym";
				ENABLE_NS_ASSERTIONS = NO;
				ENABLE_STRICT_OBJC_MSGSEND = YES;
				GCC_C_LANGUAGE_STANDARD = gnu99;
				GCC_NO_COMMON_BLOCKS = YES;
				GCC_WARN_64_TO_32_BIT_CONVERSION = YES;
				GCC_WARN_ABOUT_RETURN_TYPE = YES_ERROR;
				GCC_WARN_UNDECLARED_SELECTOR = YES;
				GCC_WARN_UNINITIALIZED_AUTOS = YES_AGGRESSIVE;
				GCC_WARN_UNUSED_FUNCTION = YES;
				GCC_WARN_UNUSED_VARIABLE = YES;
				IPHONEOS_DEPLOYMENT_TARGET = 9.0;
				MTL_ENABLE_DEBUG_INFO = NO;
				SDKROOT = iphoneos;
				TARGETED_DEVICE_FAMILY = "1,2";
				VALIDATE_PRODUCT = YES;
			};
			name = Release;
		};
		1B24EEAA1BDF84670090E311 /* Debug */ = {
			isa = XCBuildConfiguration;
			buildSettings = {
				ASSETCATALOG_COMPILER_APPICON_NAME = AppIcon;
				CLANG_ENABLE_MODULES = YES;
				FRAMEWORK_SEARCH_PATHS = "/Users/mareva/Documents/Telerik/**";
				INFOPLIST_FILE = BlogExamplesInswift/Info.plist;
				LD_RUNPATH_SEARCH_PATHS = "$(inherited) @executable_path/Frameworks";
				PRODUCT_BUNDLE_IDENTIFIER = com.telerik.BlogExamplesInswift;
				PRODUCT_NAME = "$(TARGET_NAME)";
				SWIFT_OBJC_BRIDGING_HEADER = "BlogExamplesInswift-Bridging-Header.h";
				SWIFT_OPTIMIZATION_LEVEL = "-Onone";
			};
			name = Debug;
		};
		1B24EEAB1BDF84670090E311 /* Release */ = {
			isa = XCBuildConfiguration;
			buildSettings = {
				ASSETCATALOG_COMPILER_APPICON_NAME = AppIcon;
				CLANG_ENABLE_MODULES = YES;
				FRAMEWORK_SEARCH_PATHS = "/Users/mareva/Documents/Telerik/**";
				INFOPLIST_FILE = BlogExamplesInswift/Info.plist;
				LD_RUNPATH_SEARCH_PATHS = "$(inherited) @executable_path/Frameworks";
				PRODUCT_BUNDLE_IDENTIFIER = com.telerik.BlogExamplesInswift;
				PRODUCT_NAME = "$(TARGET_NAME)";
				SWIFT_OBJC_BRIDGING_HEADER = "BlogExamplesInswift-Bridging-Header.h";
			};
			name = Release;
		};
		1B24EEAD1BDF84670090E311 /* Debug */ = {
			isa = XCBuildConfiguration;
			buildSettings = {
				BUNDLE_LOADER = "$(TEST_HOST)";
				INFOPLIST_FILE = BlogExamplesInswiftTests/Info.plist;
				LD_RUNPATH_SEARCH_PATHS = "$(inherited) @executable_path/Frameworks @loader_path/Frameworks";
				PRODUCT_BUNDLE_IDENTIFIER = com.telerik.BlogExamplesInswiftTests;
				PRODUCT_NAME = "$(TARGET_NAME)";
				TEST_HOST = "$(BUILT_PRODUCTS_DIR)/BlogExamplesInswift.app/BlogExamplesInswift";
			};
			name = Debug;
		};
		1B24EEAE1BDF84670090E311 /* Release */ = {
			isa = XCBuildConfiguration;
			buildSettings = {
				BUNDLE_LOADER = "$(TEST_HOST)";
				INFOPLIST_FILE = BlogExamplesInswiftTests/Info.plist;
				LD_RUNPATH_SEARCH_PATHS = "$(inherited) @executable_path/Frameworks @loader_path/Frameworks";
				PRODUCT_BUNDLE_IDENTIFIER = com.telerik.BlogExamplesInswiftTests;
				PRODUCT_NAME = "$(TARGET_NAME)";
				TEST_HOST = "$(BUILT_PRODUCTS_DIR)/BlogExamplesInswift.app/BlogExamplesInswift";
			};
			name = Release;
		};
		1B24EEB01BDF84670090E311 /* Debug */ = {
			isa = XCBuildConfiguration;
			buildSettings = {
				INFOPLIST_FILE = BlogExamplesInswiftUITests/Info.plist;
				LD_RUNPATH_SEARCH_PATHS = "$(inherited) @executable_path/Frameworks @loader_path/Frameworks";
				PRODUCT_BUNDLE_IDENTIFIER = com.telerik.BlogExamplesInswiftUITests;
				PRODUCT_NAME = "$(TARGET_NAME)";
				TEST_TARGET_NAME = BlogExamplesInswift;
				USES_XCTRUNNER = YES;
			};
			name = Debug;
		};
		1B24EEB11BDF84670090E311 /* Release */ = {
			isa = XCBuildConfiguration;
			buildSettings = {
				INFOPLIST_FILE = BlogExamplesInswiftUITests/Info.plist;
				LD_RUNPATH_SEARCH_PATHS = "$(inherited) @executable_path/Frameworks @loader_path/Frameworks";
				PRODUCT_BUNDLE_IDENTIFIER = com.telerik.BlogExamplesInswiftUITests;
				PRODUCT_NAME = "$(TARGET_NAME)";
				TEST_TARGET_NAME = BlogExamplesInswift;
				USES_XCTRUNNER = YES;
			};
			name = Release;
		};
/* End XCBuildConfiguration section */

/* Begin XCConfigurationList section */
		1B24EE7C1BDF84670090E311 /* Build configuration list for PBXProject "BlogExamplesInswift" */ = {
			isa = XCConfigurationList;
			buildConfigurations = (
				1B24EEA71BDF84670090E311 /* Debug */,
				1B24EEA81BDF84670090E311 /* Release */,
			);
			defaultConfigurationIsVisible = 0;
			defaultConfigurationName = Release;
		};
		1B24EEA91BDF84670090E311 /* Build configuration list for PBXNativeTarget "BlogExamplesInswift" */ = {
			isa = XCConfigurationList;
			buildConfigurations = (
				1B24EEAA1BDF84670090E311 /* Debug */,
				1B24EEAB1BDF84670090E311 /* Release */,
			);
			defaultConfigurationIsVisible = 0;
			defaultConfigurationName = Release;
		};
		1B24EEAC1BDF84670090E311 /* Build configuration list for PBXNativeTarget "BlogExamplesInswiftTests" */ = {
			isa = XCConfigurationList;
			buildConfigurations = (
				1B24EEAD1BDF84670090E311 /* Debug */,
				1B24EEAE1BDF84670090E311 /* Release */,
			);
			defaultConfigurationIsVisible = 0;
			defaultConfigurationName = Release;
		};
		1B24EEAF1BDF84670090E311 /* Build configuration list for PBXNativeTarget "BlogExamplesInswiftUITests" */ = {
			isa = XCConfigurationList;
			buildConfigurations = (
				1B24EEB01BDF84670090E311 /* Debug */,
				1B24EEB11BDF84670090E311 /* Release */,
			);
			defaultConfigurationIsVisible = 0;
			defaultConfigurationName = Release;
		};
/* End XCConfigurationList section */
	};
	rootObject = 1B24EE791BDF84670090E311 /* Project object */;
}
